
Microsoft Visual Studio Solution File, Format Version 12.00
# Visual Studio Version 16
VisualStudioVersion = 16.0.31613.86
MinimumVisualStudioVersion = 10.0.40219.1
Project("{9A19103F-16F7-4668-BE54-9A1E7A4F7556}") = "Droplearn", "Droplearn.csproj", "{A90B3E85-B646-4D56-8817-B0350F09C399}"
EndProject
Global
	GlobalSection(SolutionConfigurationPlatforms) = preSolution
		Debug|Any CPU = Debug|Any CPU
		Release|Any CPU = Release|Any CPU
	EndGlobalSection
	GlobalSection(ProjectConfigurationPlatforms) = postSolution
		{A90B3E85-B646-4D56-8817-B0350F09C399}.Debug|Any CPU.ActiveCfg = Debug|Any CPU
		{A90B3E85-B646-4D56-8817-B0350F09C399}.Debug|Any CPU.Build.0 = Debug|Any CPU
		{A90B3E85-B646-4D56-8817-B0350F09C399}.Release|Any CPU.ActiveCfg = Release|Any CPU
		{A90B3E85-B646-4D56-8817-B0350F09C399}.Release|Any CPU.Build.0 = Release|Any CPU
	EndGlobalSection
	GlobalSection(SolutionProperties) = preSolution
		HideSolutionNode = FALSE
	EndGlobalSection
	GlobalSection(ExtensibilityGlobals) = postSolution
		SolutionGuid = {CA995EFC-7C8D-46A5-8D93-AA259821405A}
	EndGlobalSection
EndGlobal
